// !$*UTF8*$!
{
	archiveVersion = 1;
	classes = {
	};
	objectVersion = 55;
	objects = {

/* Begin PBXBuildFile section */
		ED710FC527F08EAA00F6D9D6 /* AppDelegate.swift in Sources */ = {isa = PBXBuildFile; fileRef = ED710FC427F08EAA00F6D9D6 /* AppDelegate.swift */; };
		ED710FC727F08EAA00F6D9D6 /* SceneDelegate.swift in Sources */ = {isa = PBXBuildFile; fileRef = ED710FC627F08EAA00F6D9D6 /* SceneDelegate.swift */; };
		ED710FC927F08EAA00F6D9D6 /* HomeViewController.swift in Sources */ = {isa = PBXBuildFile; fileRef = ED710FC827F08EAA00F6D9D6 /* HomeViewController.swift */; };
		ED710FCC27F08EAA00F6D9D6 /* Main.storyboard in Resources */ = {isa = PBXBuildFile; fileRef = ED710FCA27F08EAA00F6D9D6 /* Main.storyboard */; };
		ED710FCE27F08EAC00F6D9D6 /* Assets.xcassets in Resources */ = {isa = PBXBuildFile; fileRef = ED710FCD27F08EAC00F6D9D6 /* Assets.xcassets */; };
		ED710FD127F08EAC00F6D9D6 /* LaunchScreen.storyboard in Resources */ = {isa = PBXBuildFile; fileRef = ED710FCF27F08EAC00F6D9D6 /* LaunchScreen.storyboard */; };
		ED710FDE27F0902600F6D9D6 /* ExploreViewController.swift in Sources */ = {isa = PBXBuildFile; fileRef = ED710FDD27F0902600F6D9D6 /* ExploreViewController.swift */; };
		ED710FE027F090A300F6D9D6 /* CameraViewController.swift in Sources */ = {isa = PBXBuildFile; fileRef = ED710FDF27F090A300F6D9D6 /* CameraViewController.swift */; };
		ED710FE227F090F100F6D9D6 /* NotificationsViewController.swift in Sources */ = {isa = PBXBuildFile; fileRef = ED710FE127F090F100F6D9D6 /* NotificationsViewController.swift */; };
		ED710FE427F0910B00F6D9D6 /* ProfileViewController.swift in Sources */ = {isa = PBXBuildFile; fileRef = ED710FE327F0910B00F6D9D6 /* ProfileViewController.swift */; };
		ED710FE927F091CE00F6D9D6 /* LoginViewController.swift in Sources */ = {isa = PBXBuildFile; fileRef = ED710FE827F091CE00F6D9D6 /* LoginViewController.swift */; };
		ED710FEB27F091E400F6D9D6 /* RegistrationViewController.swift in Sources */ = {isa = PBXBuildFile; fileRef = ED710FEA27F091E400F6D9D6 /* RegistrationViewController.swift */; };
		ED710FED27F0924800F6D9D6 /* PostViewController.swift in Sources */ = {isa = PBXBuildFile; fileRef = ED710FEC27F0924800F6D9D6 /* PostViewController.swift */; };
		ED710FEF27F0926D00F6D9D6 /* EditProfileViewController.swift in Sources */ = {isa = PBXBuildFile; fileRef = ED710FEE27F0926D00F6D9D6 /* EditProfileViewController.swift */; };
		ED710FF127F0928000F6D9D6 /* SettingsViewController.swift in Sources */ = {isa = PBXBuildFile; fileRef = ED710FF027F0928000F6D9D6 /* SettingsViewController.swift */; };
		ED710FF327F092AA00F6D9D6 /* ListViewController.swift in Sources */ = {isa = PBXBuildFile; fileRef = ED710FF227F092AA00F6D9D6 /* ListViewController.swift */; };
		ED710FF527F092C200F6D9D6 /* SearchViewController.swift in Sources */ = {isa = PBXBuildFile; fileRef = ED710FF427F092C200F6D9D6 /* SearchViewController.swift */; };
		ED710FF727F092DF00F6D9D6 /* SearchResultViewController.swift in Sources */ = {isa = PBXBuildFile; fileRef = ED710FF627F092DF00F6D9D6 /* SearchResultViewController.swift */; };
		ED710FF927F0931700F6D9D6 /* PostEditorViewController.swift in Sources */ = {isa = PBXBuildFile; fileRef = ED710FF827F0931700F6D9D6 /* PostEditorViewController.swift */; };
		ED710FFB27F0933100F6D9D6 /* PublishPostViewController.swift in Sources */ = {isa = PBXBuildFile; fileRef = ED710FFA27F0933100F6D9D6 /* PublishPostViewController.swift */; };
/* End PBXBuildFile section */

/* Begin PBXFileReference section */
		ED710FC127F08EAA00F6D9D6 /* Instagram1.app */ = {isa = PBXFileReference; explicitFileType = wrapper.application; includeInIndex = 0; path = Instagram1.app; sourceTree = BUILT_PRODUCTS_DIR; };
		ED710FC427F08EAA00F6D9D6 /* AppDelegate.swift */ = {isa = PBXFileReference; lastKnownFileType = sourcecode.swift; path = AppDelegate.swift; sourceTree = "<group>"; };
		ED710FC627F08EAA00F6D9D6 /* SceneDelegate.swift */ = {isa = PBXFileReference; lastKnownFileType = sourcecode.swift; path = SceneDelegate.swift; sourceTree = "<group>"; };
		ED710FC827F08EAA00F6D9D6 /* HomeViewController.swift */ = {isa = PBXFileReference; lastKnownFileType = sourcecode.swift; path = HomeViewController.swift; sourceTree = "<group>"; };
		ED710FCB27F08EAA00F6D9D6 /* Base */ = {isa = PBXFileReference; lastKnownFileType = file.storyboard; name = Base; path = Base.lproj/Main.storyboard; sourceTree = "<group>"; };
		ED710FCD27F08EAC00F6D9D6 /* Assets.xcassets */ = {isa = PBXFileReference; lastKnownFileType = folder.assetcatalog; path = Assets.xcassets; sourceTree = "<group>"; };
		ED710FD027F08EAC00F6D9D6 /* Base */ = {isa = PBXFileReference; lastKnownFileType = file.storyboard; name = Base; path = Base.lproj/LaunchScreen.storyboard; sourceTree = "<group>"; };
		ED710FD227F08EAC00F6D9D6 /* Info.plist */ = {isa = PBXFileReference; lastKnownFileType = text.plist.xml; path = Info.plist; sourceTree = "<group>"; };
		ED710FDD27F0902600F6D9D6 /* ExploreViewController.swift */ = {isa = PBXFileReference; lastKnownFileType = sourcecode.swift; path = ExploreViewController.swift; sourceTree = "<group>"; };
		ED710FDF27F090A300F6D9D6 /* CameraViewController.swift */ = {isa = PBXFileReference; lastKnownFileType = sourcecode.swift; path = CameraViewController.swift; sourceTree = "<group>"; };
		ED710FE127F090F100F6D9D6 /* NotificationsViewController.swift */ = {isa = PBXFileReference; lastKnownFileType = sourcecode.swift; path = NotificationsViewController.swift; sourceTree = "<group>"; };
		ED710FE327F0910B00F6D9D6 /* ProfileViewController.swift */ = {isa = PBXFileReference; lastKnownFileType = sourcecode.swift; path = ProfileViewController.swift; sourceTree = "<group>"; };
		ED710FE827F091CE00F6D9D6 /* LoginViewController.swift */ = {isa = PBXFileReference; lastKnownFileType = sourcecode.swift; path = LoginViewController.swift; sourceTree = "<group>"; };
		ED710FEA27F091E400F6D9D6 /* RegistrationViewController.swift */ = {isa = PBXFileReference; lastKnownFileType = sourcecode.swift; path = RegistrationViewController.swift; sourceTree = "<group>"; };
		ED710FEC27F0924800F6D9D6 /* PostViewController.swift */ = {isa = PBXFileReference; lastKnownFileType = sourcecode.swift; path = PostViewController.swift; sourceTree = "<group>"; };
		ED710FEE27F0926D00F6D9D6 /* EditProfileViewController.swift */ = {isa = PBXFileReference; lastKnownFileType = sourcecode.swift; path = EditProfileViewController.swift; sourceTree = "<group>"; };
		ED710FF027F0928000F6D9D6 /* SettingsViewController.swift */ = {isa = PBXFileReference; lastKnownFileType = sourcecode.swift; path = SettingsViewController.swift; sourceTree = "<group>"; };
		ED710FF227F092AA00F6D9D6 /* ListViewController.swift */ = {isa = PBXFileReference; lastKnownFileType = sourcecode.swift; path = ListViewController.swift; sourceTree = "<group>"; };
		ED710FF427F092C200F6D9D6 /* SearchViewController.swift */ = {isa = PBXFileReference; lastKnownFileType = sourcecode.swift; path = SearchViewController.swift; sourceTree = "<group>"; };
		ED710FF627F092DF00F6D9D6 /* SearchResultViewController.swift */ = {isa = PBXFileReference; lastKnownFileType = sourcecode.swift; path = SearchResultViewController.swift; sourceTree = "<group>"; };
		ED710FF827F0931700F6D9D6 /* PostEditorViewController.swift */ = {isa = PBXFileReference; lastKnownFileType = sourcecode.swift; path = PostEditorViewController.swift; sourceTree = "<group>"; };
		ED710FFA27F0933100F6D9D6 /* PublishPostViewController.swift */ = {isa = PBXFileReference; lastKnownFileType = sourcecode.swift; path = PublishPostViewController.swift; sourceTree = "<group>"; };
/* End PBXFileReference section */

/* Begin PBXFrameworksBuildPhase section */
		ED710FBE27F08EAA00F6D9D6 /* Frameworks */ = {
			isa = PBXFrameworksBuildPhase;
			buildActionMask = 2147483647;
			files = (
			);
			runOnlyForDeploymentPostprocessing = 0;
		};
/* End PBXFrameworksBuildPhase section */

/* Begin PBXGroup section */
		ED710FB827F08EAA00F6D9D6 = {
			isa = PBXGroup;
			children = (
				ED710FC327F08EAA00F6D9D6 /* Instagram1 */,
				ED710FC227F08EAA00F6D9D6 /* Products */,
			);
			sourceTree = "<group>";
		};
		ED710FC227F08EAA00F6D9D6 /* Products */ = {
			isa = PBXGroup;
			children = (
				ED710FC127F08EAA00F6D9D6 /* Instagram1.app */,
			);
			name = Products;
			sourceTree = "<group>";
		};
		ED710FC327F08EAA00F6D9D6 /* Instagram1 */ = {
			isa = PBXGroup;
			children = (
				ED710FDB27F08F0A00F6D9D6 /* Resources */,
				ED710FDA27F08EF800F6D9D6 /* Models */,
				ED710FD927F08EF200F6D9D6 /* Views */,
				ED710FD827F08EE100F6D9D6 /* Controllers */,
				ED710FD227F08EAC00F6D9D6 /* Info.plist */,
			);
			path = Instagram1;
			sourceTree = "<group>";
		};
		ED710FD827F08EE100F6D9D6 /* Controllers */ = {
			isa = PBXGroup;
			children = (
				ED710FE627F0919000F6D9D6 /* Other */,
				ED710FE527F0913600F6D9D6 /* Core Tabs */,
			);
			path = Controllers;
			sourceTree = "<group>";
		};
		ED710FD927F08EF200F6D9D6 /* Views */ = {
			isa = PBXGroup;
			children = (
				ED710FCD27F08EAC00F6D9D6 /* Assets.xcassets */,
				ED710FDC27F08F7500F6D9D6 /* Storyboards */,
			);
			path = Views;
			sourceTree = "<group>";
		};
		ED710FDA27F08EF800F6D9D6 /* Models */ = {
			isa = PBXGroup;
			children = (
			);
			path = Models;
			sourceTree = "<group>";
		};
		ED710FDB27F08F0A00F6D9D6 /* Resources */ = {
			isa = PBXGroup;
			children = (
				ED710FC427F08EAA00F6D9D6 /* AppDelegate.swift */,
				ED710FC627F08EAA00F6D9D6 /* SceneDelegate.swift */,
			);
			path = Resources;
			sourceTree = "<group>";
		};
		ED710FDC27F08F7500F6D9D6 /* Storyboards */ = {
			isa = PBXGroup;
			children = (
				ED710FCA27F08EAA00F6D9D6 /* Main.storyboard */,
				ED710FCF27F08EAC00F6D9D6 /* LaunchScreen.storyboard */,
			);
			path = Storyboards;
			sourceTree = "<group>";
		};
		ED710FE527F0913600F6D9D6 /* Core Tabs */ = {
			isa = PBXGroup;
			children = (
				ED710FC827F08EAA00F6D9D6 /* HomeViewController.swift */,
				ED710FDD27F0902600F6D9D6 /* ExploreViewController.swift */,
				ED710FDF27F090A300F6D9D6 /* CameraViewController.swift */,
				ED710FE127F090F100F6D9D6 /* NotificationsViewController.swift */,
				ED710FE327F0910B00F6D9D6 /* ProfileViewController.swift */,
			);
			path = "Core Tabs";
			sourceTree = "<group>";
		};
		ED710FE627F0919000F6D9D6 /* Other */ = {
			isa = PBXGroup;
			children = (
				ED710FE727F0919E00F6D9D6 /* Onboarding */,
				ED710FEC27F0924800F6D9D6 /* PostViewController.swift */,
				ED710FEE27F0926D00F6D9D6 /* EditProfileViewController.swift */,
				ED710FF027F0928000F6D9D6 /* SettingsViewController.swift */,
				ED710FF227F092AA00F6D9D6 /* ListViewController.swift */,
				ED710FF427F092C200F6D9D6 /* SearchViewController.swift */,
				ED710FF627F092DF00F6D9D6 /* SearchResultViewController.swift */,
				ED710FF827F0931700F6D9D6 /* PostEditorViewController.swift */,
				ED710FFA27F0933100F6D9D6 /* PublishPostViewController.swift */,
			);
			path = Other;
			sourceTree = "<group>";
		};
		ED710FE727F0919E00F6D9D6 /* Onboarding */ = {
			isa = PBXGroup;
			children = (
				ED710FE827F091CE00F6D9D6 /* LoginViewController.swift */,
				ED710FEA27F091E400F6D9D6 /* RegistrationViewController.swift */,
			);
			path = Onboarding;
			sourceTree = "<group>";
		};
/* End PBXGroup section */

/* Begin PBXNativeTarget section */
		ED710FC027F08EAA00F6D9D6 /* Instagram1 */ = {
			isa = PBXNativeTarget;
			buildConfigurationList = ED710FD527F08EAC00F6D9D6 /* Build configuration list for PBXNativeTarget "Instagram1" */;
			buildPhases = (
				ED710FBD27F08EAA00F6D9D6 /* Sources */,
				ED710FBE27F08EAA00F6D9D6 /* Frameworks */,
				ED710FBF27F08EAA00F6D9D6 /* Resources */,
			);
			buildRules = (
			);
			dependencies = (
			);
			name = Instagram1;
			productName = Instagram1;
			productReference = ED710FC127F08EAA00F6D9D6 /* Instagram1.app */;
			productType = "com.apple.product-type.application";
		};
/* End PBXNativeTarget section */

/* Begin PBXProject section */
		ED710FB927F08EAA00F6D9D6 /* Project object */ = {
			isa = PBXProject;
			attributes = {
				BuildIndependentTargetsInParallel = 1;
				LastSwiftUpdateCheck = 1330;
				LastUpgradeCheck = 1330;
				TargetAttributes = {
					ED710FC027F08EAA00F6D9D6 = {
						CreatedOnToolsVersion = 13.3;
					};
				};
			};
			buildConfigurationList = ED710FBC27F08EAA00F6D9D6 /* Build configuration list for PBXProject "Instagram1" */;
			compatibilityVersion = "Xcode 13.0";
			developmentRegion = en;
			hasScannedForEncodings = 0;
			knownRegions = (
				en,
				Base,
			);
			mainGroup = ED710FB827F08EAA00F6D9D6;
			productRefGroup = ED710FC227F08EAA00F6D9D6 /* Products */;
			projectDirPath = "";
			projectRoot = "";
			targets = (
				ED710FC027F08EAA00F6D9D6 /* Instagram1 */,
			);
		};
/* End PBXProject section */

/* Begin PBXResourcesBuildPhase section */
		ED710FBF27F08EAA00F6D9D6 /* Resources */ = {
			isa = PBXResourcesBuildPhase;
			buildActionMask = 2147483647;
			files = (
				ED710FD127F08EAC00F6D9D6 /* LaunchScreen.storyboard in Resources */,
				ED710FCE27F08EAC00F6D9D6 /* Assets.xcassets in Resources */,
				ED710FCC27F08EAA00F6D9D6 /* Main.storyboard in Resources */,
			);
			runOnlyForDeploymentPostprocessing = 0;
		};
/* End PBXResourcesBuildPhase section */

/* Begin PBXSourcesBuildPhase section */
		ED710FBD27F08EAA00F6D9D6 /* Sources */ = {
			isa = PBXSourcesBuildPhase;
			buildActionMask = 2147483647;
			files = (
				ED710FEF27F0926D00F6D9D6 /* EditProfileViewController.swift in Sources */,
				ED710FDE27F0902600F6D9D6 /* ExploreViewController.swift in Sources */,
				ED710FFB27F0933100F6D9D6 /* PublishPostViewController.swift in Sources */,
				ED710FE027F090A300F6D9D6 /* CameraViewController.swift in Sources */,
				ED710FC927F08EAA00F6D9D6 /* HomeViewController.swift in Sources */,
				ED710FEB27F091E400F6D9D6 /* RegistrationViewController.swift in Sources */,
				ED710FF927F0931700F6D9D6 /* PostEditorViewController.swift in Sources */,
				ED710FED27F0924800F6D9D6 /* PostViewController.swift in Sources */,
				ED710FE227F090F100F6D9D6 /* NotificationsViewController.swift in Sources */,
				ED710FF727F092DF00F6D9D6 /* SearchResultViewController.swift in Sources */,
				ED710FE927F091CE00F6D9D6 /* LoginViewController.swift in Sources */,
				ED710FF527F092C200F6D9D6 /* SearchViewController.swift in Sources */,
				ED710FE427F0910B00F6D9D6 /* ProfileViewController.swift in Sources */,
				ED710FC527F08EAA00F6D9D6 /* AppDelegate.swift in Sources */,
				ED710FC727F08EAA00F6D9D6 /* SceneDelegate.swift in Sources */,
				ED710FF327F092AA00F6D9D6 /* ListViewController.swift in Sources */,
				ED710FF127F0928000F6D9D6 /* SettingsViewController.swift in Sources */,
			);
			runOnlyForDeploymentPostprocessing = 0;
		};
/* End PBXSourcesBuildPhase section */

/* Begin PBXVariantGroup section */
		ED710FCA27F08EAA00F6D9D6 /* Main.storyboard */ = {
			isa = PBXVariantGroup;
			children = (
				ED710FCB27F08EAA00F6D9D6 /* Base */,
			);
			name = Main.storyboard;
			sourceTree = "<group>";
		};
		ED710FCF27F08EAC00F6D9D6 /* LaunchScreen.storyboard */ = {
			isa = PBXVariantGroup;
			children = (
				ED710FD027F08EAC00F6D9D6 /* Base */,
			);
			name = LaunchScreen.storyboard;
			sourceTree = "<group>";
		};
/* End PBXVariantGroup section */

/* Begin XCBuildConfiguration section */
		ED710FD327F08EAC00F6D9D6 /* Debug */ = {
			isa = XCBuildConfiguration;
			buildSettings = {
				ALWAYS_SEARCH_USER_PATHS = NO;
				CLANG_ANALYZER_NONNULL = YES;
				CLANG_ANALYZER_NUMBER_OBJECT_CONVERSION = YES_AGGRESSIVE;
				CLANG_CXX_LANGUAGE_STANDARD = "gnu++17";
				CLANG_ENABLE_MODULES = YES;
				CLANG_ENABLE_OBJC_ARC = YES;
				CLANG_ENABLE_OBJC_WEAK = YES;
				CLANG_WARN_BLOCK_CAPTURE_AUTORELEASING = YES;
				CLANG_WARN_BOOL_CONVERSION = YES;
				CLANG_WARN_COMMA = YES;
				CLANG_WARN_CONSTANT_CONVERSION = YES;
				CLANG_WARN_DEPRECATED_OBJC_IMPLEMENTATIONS = YES;
				CLANG_WARN_DIRECT_OBJC_ISA_USAGE = YES_ERROR;
				CLANG_WARN_DOCUMENTATION_COMMENTS = YES;
				CLANG_WARN_EMPTY_BODY = YES;
				CLANG_WARN_ENUM_CONVERSION = YES;
				CLANG_WARN_INFINITE_RECURSION = YES;
				CLANG_WARN_INT_CONVERSION = YES;
				CLANG_WARN_NON_LITERAL_NULL_CONVERSION = YES;
				CLANG_WARN_OBJC_IMPLICIT_RETAIN_SELF = YES;
				CLANG_WARN_OBJC_LITERAL_CONVERSION = YES;
				CLANG_WARN_OBJC_ROOT_CLASS = YES_ERROR;
				CLANG_WARN_QUOTED_INCLUDE_IN_FRAMEWORK_HEADER = YES;
				CLANG_WARN_RANGE_LOOP_ANALYSIS = YES;
				CLANG_WARN_STRICT_PROTOTYPES = YES;
				CLANG_WARN_SUSPICIOUS_MOVE = YES;
				CLANG_WARN_UNGUARDED_AVAILABILITY = YES_AGGRESSIVE;
				CLANG_WARN_UNREACHABLE_CODE = YES;
				CLANG_WARN__DUPLICATE_METHOD_MATCH = YES;
				COPY_PHASE_STRIP = NO;
				DEBUG_INFORMATION_FORMAT = dwarf;
				ENABLE_STRICT_OBJC_MSGSEND = YES;
				ENABLE_TESTABILITY = YES;
				GCC_C_LANGUAGE_STANDARD = gnu11;
				GCC_DYNAMIC_NO_PIC = NO;
				GCC_NO_COMMON_BLOCKS = YES;
				GCC_OPTIMIZATION_LEVEL = 0;
				GCC_PREPROCESSOR_DEFINITIONS = (
					"DEBUG=1",
					"$(inherited)",
				);
				GCC_WARN_64_TO_32_BIT_CONVERSION = YES;
				GCC_WARN_ABOUT_RETURN_TYPE = YES_ERROR;
				GCC_WARN_UNDECLARED_SELECTOR = YES;
				GCC_WARN_UNINITIALIZED_AUTOS = YES_AGGRESSIVE;
				GCC_WARN_UNUSED_FUNCTION = YES;
				GCC_WARN_UNUSED_VARIABLE = YES;
				IPHONEOS_DEPLOYMENT_TARGET = 15.4;
				MTL_ENABLE_DEBUG_INFO = INCLUDE_SOURCE;
				MTL_FAST_MATH = YES;
				ONLY_ACTIVE_ARCH = YES;
				SDKROOT = iphoneos;
				SWIFT_ACTIVE_COMPILATION_CONDITIONS = DEBUG;
				SWIFT_OPTIMIZATION_LEVEL = "-Onone";
			};
			name = Debug;
		};
		ED710FD427F08EAC00F6D9D6 /* Release */ = {
			isa = XCBuildConfiguration;
			buildSettings = {
				ALWAYS_SEARCH_USER_PATHS = NO;
				CLANG_ANALYZER_NONNULL = YES;
				CLANG_ANALYZER_NUMBER_OBJECT_CONVERSION = YES_AGGRESSIVE;
				CLANG_CXX_LANGUAGE_STANDARD = "gnu++17";
				CLANG_ENABLE_MODULES = YES;
				CLANG_ENABLE_OBJC_ARC = YES;
				CLANG_ENABLE_OBJC_WEAK = YES;
				CLANG_WARN_BLOCK_CAPTURE_AUTORELEASING = YES;
				CLANG_WARN_BOOL_CONVERSION = YES;
				CLANG_WARN_COMMA = YES;
				CLANG_WARN_CONSTANT_CONVERSION = YES;
				CLANG_WARN_DEPRECATED_OBJC_IMPLEMENTATIONS = YES;
				CLANG_WARN_DIRECT_OBJC_ISA_USAGE = YES_ERROR;
				CLANG_WARN_DOCUMENTATION_COMMENTS = YES;
				CLANG_WARN_EMPTY_BODY = YES;
				CLANG_WARN_ENUM_CONVERSION = YES;
				CLANG_WARN_INFINITE_RECURSION = YES;
				CLANG_WARN_INT_CONVERSION = YES;
				CLANG_WARN_NON_LITERAL_NULL_CONVERSION = YES;
				CLANG_WARN_OBJC_IMPLICIT_RETAIN_SELF = YES;
				CLANG_WARN_OBJC_LITERAL_CONVERSION = YES;
				CLANG_WARN_OBJC_ROOT_CLASS = YES_ERROR;
				CLANG_WARN_QUOTED_INCLUDE_IN_FRAMEWORK_HEADER = YES;
				CLANG_WARN_RANGE_LOOP_ANALYSIS = YES;
				CLANG_WARN_STRICT_PROTOTYPES = YES;
				CLANG_WARN_SUSPICIOUS_MOVE = YES;
				CLANG_WARN_UNGUARDED_AVAILABILITY = YES_AGGRESSIVE;
				CLANG_WARN_UNREACHABLE_CODE = YES;
				CLANG_WARN__DUPLICATE_METHOD_MATCH = YES;
				COPY_PHASE_STRIP = NO;
				DEBUG_INFORMATION_FORMAT = "dwarf-with-dsym";
				ENABLE_NS_ASSERTIONS = NO;
				ENABLE_STRICT_OBJC_MSGSEND = YES;
				GCC_C_LANGUAGE_STANDARD = gnu11;
				GCC_NO_COMMON_BLOCKS = YES;
				GCC_WARN_64_TO_32_BIT_CONVERSION = YES;
				GCC_WARN_ABOUT_RETURN_TYPE = YES_ERROR;
				GCC_WARN_UNDECLARED_SELECTOR = YES;
				GCC_WARN_UNINITIALIZED_AUTOS = YES_AGGRESSIVE;
				GCC_WARN_UNUSED_FUNCTION = YES;
				GCC_WARN_UNUSED_VARIABLE = YES;
				IPHONEOS_DEPLOYMENT_TARGET = 15.4;
				MTL_ENABLE_DEBUG_INFO = NO;
				MTL_FAST_MATH = YES;
				SDKROOT = iphoneos;
				SWIFT_COMPILATION_MODE = wholemodule;
				SWIFT_OPTIMIZATION_LEVEL = "-O";
				VALIDATE_PRODUCT = YES;
			};
			name = Release;
		};
		ED710FD627F08EAC00F6D9D6 /* Debug */ = {
			isa = XCBuildConfiguration;
			buildSettings = {
				ASSETCATALOG_COMPILER_APPICON_NAME = AppIcon;
				ASSETCATALOG_COMPILER_GLOBAL_ACCENT_COLOR_NAME = AccentColor;
				CODE_SIGN_STYLE = Automatic;
				CURRENT_PROJECT_VERSION = 1;
				DEVELOPMENT_TEAM = D83C8426T2;
				GENERATE_INFOPLIST_FILE = YES;
				INFOPLIST_FILE = Instagram1/Info.plist;
				INFOPLIST_KEY_UIApplicationSupportsIndirectInputEvents = YES;
				INFOPLIST_KEY_UILaunchStoryboardName = LaunchScreen;
				INFOPLIST_KEY_UIMainStoryboardFile = Main;
				INFOPLIST_KEY_UISupportedInterfaceOrientations_iPad = "UIInterfaceOrientationPortrait UIInterfaceOrientationPortraitUpsideDown UIInterfaceOrientationLandscapeLeft UIInterfaceOrientationLandscapeRight";
				INFOPLIST_KEY_UISupportedInterfaceOrientations_iPhone = "UIInterfaceOrientationPortrait UIInterfaceOrientationLandscapeLeft UIInterfaceOrientationLandscapeRight";
				LD_RUNPATH_SEARCH_PATHS = (
					"$(inherited)",
					"@executable_path/Frameworks",
				);
				MARKETING_VERSION = 1.0;
				PRODUCT_BUNDLE_IDENTIFIER = com.baccvs.Instagram1;
				PRODUCT_NAME = "$(TARGET_NAME)";
				SWIFT_EMIT_LOC_STRINGS = YES;
				SWIFT_VERSION = 5.0;
				TARGETED_DEVICE_FAMILY = "1,2";
			};
			name = Debug;
		};
		ED710FD727F08EAC00F6D9D6 /* Release */ = {
			isa = XCBuildConfiguration;
			buildSettings = {
				ASSETCATALOG_COMPILER_APPICON_NAME = AppIcon;
				ASSETCATALOG_COMPILER_GLOBAL_ACCENT_COLOR_NAME = AccentColor;
				CODE_SIGN_STYLE = Automatic;
				CURRENT_PROJECT_VERSION = 1;
				DEVELOPMENT_TEAM = D83C8426T2;
				GENERATE_INFOPLIST_FILE = YES;
				INFOPLIST_FILE = Instagram1/Info.plist;
				INFOPLIST_KEY_UIApplicationSupportsIndirectInputEvents = YES;
				INFOPLIST_KEY_UILaunchStoryboardName = LaunchScreen;
				INFOPLIST_KEY_UIMainStoryboardFile = Main;
				INFOPLIST_KEY_UISupportedInterfaceOrientations_iPad = "UIInterfaceOrientationPortrait UIInterfaceOrientationPortraitUpsideDown UIInterfaceOrientationLandscapeLeft UIInterfaceOrientationLandscapeRight";
				INFOPLIST_KEY_UISupportedInterfaceOrientations_iPhone = "UIInterfaceOrientationPortrait UIInterfaceOrientationLandscapeLeft UIInterfaceOrientationLandscapeRight";
				LD_RUNPATH_SEARCH_PATHS = (
					"$(inherited)",
					"@executable_path/Frameworks",
				);
				MARKETING_VERSION = 1.0;
				PRODUCT_BUNDLE_IDENTIFIER = com.baccvs.Instagram1;
				PRODUCT_NAME = "$(TARGET_NAME)";
				SWIFT_EMIT_LOC_STRINGS = YES;
				SWIFT_VERSION = 5.0;
				TARGETED_DEVICE_FAMILY = "1,2";
			};
			name = Release;
		};
/* End XCBuildConfiguration section */

/* Begin XCConfigurationList section */
		ED710FBC27F08EAA00F6D9D6 /* Build configuration list for PBXProject "Instagram1" */ = {
			isa = XCConfigurationList;
			buildConfigurations = (
				ED710FD327F08EAC00F6D9D6 /* Debug */,
				ED710FD427F08EAC00F6D9D6 /* Release */,
			);
			defaultConfigurationIsVisible = 0;
			defaultConfigurationName = Release;
		};
		ED710FD527F08EAC00F6D9D6 /* Build configuration list for PBXNativeTarget "Instagram1" */ = {
			isa = XCConfigurationList;
			buildConfigurations = (
				ED710FD627F08EAC00F6D9D6 /* Debug */,
				ED710FD727F08EAC00F6D9D6 /* Release */,
			);
			defaultConfigurationIsVisible = 0;
			defaultConfigurationName = Release;
		};
/* End XCConfigurationList section */
	};
	rootObject = ED710FB927F08EAA00F6D9D6 /* Project object */;
}
